
Microsoft Visual Studio Solution File, Format Version 12.00
# Visual Studio Version 16
VisualStudioVersion = 16.0.29503.13
MinimumVisualStudioVersion = 10.0.40219.1
Project("{FAE04EC0-301F-11D3-BF4B-00C04F79EFBC}") = "BikeRentalSim", "BikeRentalSim.csproj", "{4AC252E2-5982-486B-A151-D96989F052FF}"
EndProject
Global
	GlobalSection(SolutionConfigurationPlatforms) = preSolution
		Debug|Any CPU = Debug|Any CPU
		Release|Any CPU = Release|Any CPU
	EndGlobalSection
	GlobalSection(ProjectConfigurationPlatforms) = postSolution
		{4AC252E2-5982-486B-A151-D96989F052FF}.Debug|Any CPU.ActiveCfg = Debug|Any CPU
		{4AC252E2-5982-486B-A151-D96989F052FF}.Debug|Any CPU.Build.0 = Debug|Any CPU
		{4AC252E2-5982-486B-A151-D96989F052FF}.Release|Any CPU.ActiveCfg = Release|Any CPU
		{4AC252E2-5982-486B-A151-D96989F052FF}.Release|Any CPU.Build.0 = Release|Any CPU
	EndGlobalSection
	GlobalSection(SolutionProperties) = preSolution
		HideSolutionNode = FALSE
	EndGlobalSection
	GlobalSection(ExtensibilityGlobals) = postSolution
		SolutionGuid = {86A084AD-2001-47C8-A870-9C5369E05CA6}
	EndGlobalSection
EndGlobal
